
Microsoft Visual Studio Solution File, Format Version 12.00
# Visual Studio Version 17
VisualStudioVersion = 17.5.33516.290
MinimumVisualStudioVersion = 10.0.40219.1
Project("{FAE04EC0-301F-11D3-BF4B-00C04F79EFBC}") = "DES-Backyard", "DES-Backyard\DES-Backyard.csproj", "{2BD7B8EF-B9B9-41DB-B254-E9BF15A595B4}"
EndProject
Global
	GlobalSection(SolutionConfigurationPlatforms) = preSolution
		Debug|Any CPU = Debug|Any CPU
		Release|Any CPU = Release|Any CPU
	EndGlobalSection
	GlobalSection(ProjectConfigurationPlatforms) = postSolution
		{2BD7B8EF-B9B9-41DB-B254-E9BF15A595B4}.Debug|Any CPU.ActiveCfg = Debug|Any CPU
		{2BD7B8EF-B9B9-41DB-B254-E9BF15A595B4}.Debug|Any CPU.Build.0 = Debug|Any CPU
		{2BD7B8EF-B9B9-41DB-B254-E9BF15A595B4}.Release|Any CPU.ActiveCfg = Release|Any CPU
		{2BD7B8EF-B9B9-41DB-B254-E9BF15A595B4}.Release|Any CPU.Build.0 = Release|Any CPU
	EndGlobalSection
	GlobalSection(SolutionProperties) = preSolution
		HideSolutionNode = FALSE
	EndGlobalSection
	GlobalSection(ExtensibilityGlobals) = postSolution
		SolutionGuid = {E510697C-06B7-48A0-A7F6-17B4111C957A}
	EndGlobalSection
EndGlobal
